
Microsoft Visual Studio Solution File, Format Version 12.00
# Visual Studio Version 16
VisualStudioVersion = 16.0.31321.278
MinimumVisualStudioVersion = 10.0.40219.1
Project("{FAE04EC0-301F-11D3-BF4B-00C04F79EFBC}") = "PraksaFront", "PraksaFront\PraksaFront.csproj", "{3E89822F-EC21-42CA-A29E-178F26DAB6F8}"
EndProject
Project("{2150E333-8FDC-42A3-9474-1A3956D46DE8}") = "Solution Items", "Solution Items", "{A8251492-57B2-4715-92BF-A7C15B380076}"
EndProject
Project("{FAE04EC0-301F-11D3-BF4B-00C04F79EFBC}") = "PraksaMid", "PraksaMid\PraksaMid.csproj", "{3B01A968-2394-4D92-AB0A-8CBF4DC770A9}"
EndProject
Project("{FAE04EC0-301F-11D3-BF4B-00C04F79EFBC}") = "PraksaMidTests", "PraksaMidTests\PraksaMidTests.csproj", "{5100A5F5-53F3-4BE0-BFFB-A988E4DD8EED}"
EndProject
Project("{9A19103F-16F7-4668-BE54-9A1E7A4F7556}") = "PraksaFrontMVC", "PraksaFrontMVC\PraksaFrontMVC.csproj", "{BF221294-4788-4AF9-9A71-6AB0C14AAA5F}"
EndProject
Project("{FAE04EC0-301F-11D3-BF4B-00C04F79EFBC}") = "MvcTest", "MvcTest\MvcTest.csproj", "{27A66DF2-C02A-444D-ABB1-7F9BC4EC09DA}"
EndProject
Global
	GlobalSection(SolutionConfigurationPlatforms) = preSolution
		Debug|Any CPU = Debug|Any CPU
		Release|Any CPU = Release|Any CPU
	EndGlobalSection
	GlobalSection(ProjectConfigurationPlatforms) = postSolution
		{3E89822F-EC21-42CA-A29E-178F26DAB6F8}.Debug|Any CPU.ActiveCfg = Debug|Any CPU
		{3E89822F-EC21-42CA-A29E-178F26DAB6F8}.Debug|Any CPU.Build.0 = Debug|Any CPU
		{3E89822F-EC21-42CA-A29E-178F26DAB6F8}.Release|Any CPU.ActiveCfg = Release|Any CPU
		{3E89822F-EC21-42CA-A29E-178F26DAB6F8}.Release|Any CPU.Build.0 = Release|Any CPU
		{3B01A968-2394-4D92-AB0A-8CBF4DC770A9}.Debug|Any CPU.ActiveCfg = Debug|Any CPU
		{3B01A968-2394-4D92-AB0A-8CBF4DC770A9}.Debug|Any CPU.Build.0 = Debug|Any CPU
		{3B01A968-2394-4D92-AB0A-8CBF4DC770A9}.Release|Any CPU.ActiveCfg = Release|Any CPU
		{3B01A968-2394-4D92-AB0A-8CBF4DC770A9}.Release|Any CPU.Build.0 = Release|Any CPU
		{5100A5F5-53F3-4BE0-BFFB-A988E4DD8EED}.Debug|Any CPU.ActiveCfg = Debug|Any CPU
		{5100A5F5-53F3-4BE0-BFFB-A988E4DD8EED}.Debug|Any CPU.Build.0 = Debug|Any CPU
		{5100A5F5-53F3-4BE0-BFFB-A988E4DD8EED}.Release|Any CPU.ActiveCfg = Release|Any CPU
		{5100A5F5-53F3-4BE0-BFFB-A988E4DD8EED}.Release|Any CPU.Build.0 = Release|Any CPU
		{BF221294-4788-4AF9-9A71-6AB0C14AAA5F}.Debug|Any CPU.ActiveCfg = Debug|Any CPU
		{BF221294-4788-4AF9-9A71-6AB0C14AAA5F}.Debug|Any CPU.Build.0 = Debug|Any CPU
		{BF221294-4788-4AF9-9A71-6AB0C14AAA5F}.Release|Any CPU.ActiveCfg = Release|Any CPU
		{BF221294-4788-4AF9-9A71-6AB0C14AAA5F}.Release|Any CPU.Build.0 = Release|Any CPU
		{27A66DF2-C02A-444D-ABB1-7F9BC4EC09DA}.Debug|Any CPU.ActiveCfg = Debug|Any CPU
		{27A66DF2-C02A-444D-ABB1-7F9BC4EC09DA}.Debug|Any CPU.Build.0 = Debug|Any CPU
		{27A66DF2-C02A-444D-ABB1-7F9BC4EC09DA}.Release|Any CPU.ActiveCfg = Release|Any CPU
		{27A66DF2-C02A-444D-ABB1-7F9BC4EC09DA}.Release|Any CPU.Build.0 = Release|Any CPU
	EndGlobalSection
	GlobalSection(SolutionProperties) = preSolution
		HideSolutionNode = FALSE
	EndGlobalSection
	GlobalSection(ExtensibilityGlobals) = postSolution
		SolutionGuid = {23664279-F5DF-441A-8547-6A86DD221665}
	EndGlobalSection
EndGlobal
